// !$*UTF8*$!
{
	archiveVersion = 1;
	classes = {
	};
	objectVersion = 51;
	objects = {

/* Begin PBXBuildFile section */
		621191213CC8EC2A2F933B10 /* Pods_OTP_Generator.framework in Frameworks */ = {isa = PBXBuildFile; fileRef = 7FB1DBBB03EDC15C41E6FB89 /* Pods_OTP_Generator.framework */; };
		6363980625588B5D005D7068 /* RegistrationService.swift in Sources */ = {isa = PBXBuildFile; fileRef = 6363980525588B5D005D7068 /* RegistrationService.swift */; };
		6363980925588FEF005D7068 /* Customer.swift in Sources */ = {isa = PBXBuildFile; fileRef = 6363980825588FEF005D7068 /* Customer.swift */; };
		6363980C25589343005D7068 /* BaseResponse.swift in Sources */ = {isa = PBXBuildFile; fileRef = 6363980B25589343005D7068 /* BaseResponse.swift */; };
		63D10F3C2555EA5A005BBF99 /* AppDelegate.swift in Sources */ = {isa = PBXBuildFile; fileRef = 63D10F3B2555EA5A005BBF99 /* AppDelegate.swift */; };
		63D10F3E2555EA5A005BBF99 /* SceneDelegate.swift in Sources */ = {isa = PBXBuildFile; fileRef = 63D10F3D2555EA5A005BBF99 /* SceneDelegate.swift */; };
		63D10F402555EA5A005BBF99 /* ViewController.swift in Sources */ = {isa = PBXBuildFile; fileRef = 63D10F3F2555EA5A005BBF99 /* ViewController.swift */; };
		63D10F432555EA5A005BBF99 /* Main.storyboard in Resources */ = {isa = PBXBuildFile; fileRef = 63D10F412555EA5A005BBF99 /* Main.storyboard */; };
		63D10F452555EA5F005BBF99 /* Assets.xcassets in Resources */ = {isa = PBXBuildFile; fileRef = 63D10F442555EA5F005BBF99 /* Assets.xcassets */; };
		63D10F482555EA5F005BBF99 /* LaunchScreen.storyboard in Resources */ = {isa = PBXBuildFile; fileRef = 63D10F462555EA5F005BBF99 /* LaunchScreen.storyboard */; };
/* End PBXBuildFile section */

/* Begin PBXFileReference section */
		6363980525588B5D005D7068 /* RegistrationService.swift */ = {isa = PBXFileReference; lastKnownFileType = sourcecode.swift; path = RegistrationService.swift; sourceTree = "<group>"; };
		6363980825588FEF005D7068 /* Customer.swift */ = {isa = PBXFileReference; lastKnownFileType = sourcecode.swift; path = Customer.swift; sourceTree = "<group>"; };
		6363980B25589343005D7068 /* BaseResponse.swift */ = {isa = PBXFileReference; lastKnownFileType = sourcecode.swift; path = BaseResponse.swift; sourceTree = "<group>"; };
		63D10F382555EA5A005BBF99 /* OTP_Generator.app */ = {isa = PBXFileReference; explicitFileType = wrapper.application; includeInIndex = 0; path = OTP_Generator.app; sourceTree = BUILT_PRODUCTS_DIR; };
		63D10F3B2555EA5A005BBF99 /* AppDelegate.swift */ = {isa = PBXFileReference; lastKnownFileType = sourcecode.swift; path = AppDelegate.swift; sourceTree = "<group>"; };
		63D10F3D2555EA5A005BBF99 /* SceneDelegate.swift */ = {isa = PBXFileReference; lastKnownFileType = sourcecode.swift; path = SceneDelegate.swift; sourceTree = "<group>"; };
		63D10F3F2555EA5A005BBF99 /* ViewController.swift */ = {isa = PBXFileReference; lastKnownFileType = sourcecode.swift; path = ViewController.swift; sourceTree = "<group>"; };
		63D10F422555EA5A005BBF99 /* Base */ = {isa = PBXFileReference; lastKnownFileType = file.storyboard; name = Base; path = Base.lproj/Main.storyboard; sourceTree = "<group>"; };
		63D10F442555EA5F005BBF99 /* Assets.xcassets */ = {isa = PBXFileReference; lastKnownFileType = folder.assetcatalog; path = Assets.xcassets; sourceTree = "<group>"; };
		63D10F472555EA5F005BBF99 /* Base */ = {isa = PBXFileReference; lastKnownFileType = file.storyboard; name = Base; path = Base.lproj/LaunchScreen.storyboard; sourceTree = "<group>"; };
		63D10F492555EA5F005BBF99 /* Info.plist */ = {isa = PBXFileReference; lastKnownFileType = text.plist.xml; path = Info.plist; sourceTree = "<group>"; };
		7FB1DBBB03EDC15C41E6FB89 /* Pods_OTP_Generator.framework */ = {isa = PBXFileReference; explicitFileType = wrapper.framework; includeInIndex = 0; path = Pods_OTP_Generator.framework; sourceTree = BUILT_PRODUCTS_DIR; };
		9EF2A2AF2D6874F09A6ABE9A /* Pods-OTP_Generator.release.xcconfig */ = {isa = PBXFileReference; includeInIndex = 1; lastKnownFileType = text.xcconfig; name = "Pods-OTP_Generator.release.xcconfig"; path = "Target Support Files/Pods-OTP_Generator/Pods-OTP_Generator.release.xcconfig"; sourceTree = "<group>"; };
		AF51F249BE1BDE4FC9FE0D83 /* Pods-OTP_Generator.debug.xcconfig */ = {isa = PBXFileReference; includeInIndex = 1; lastKnownFileType = text.xcconfig; name = "Pods-OTP_Generator.debug.xcconfig"; path = "Target Support Files/Pods-OTP_Generator/Pods-OTP_Generator.debug.xcconfig"; sourceTree = "<group>"; };
/* End PBXFileReference section */

/* Begin PBXFrameworksBuildPhase section */
		63D10F352555EA5A005BBF99 /* Frameworks */ = {
			isa = PBXFrameworksBuildPhase;
			buildActionMask = 2147483647;
			files = (
				621191213CC8EC2A2F933B10 /* Pods_OTP_Generator.framework in Frameworks */,
			);
			runOnlyForDeploymentPostprocessing = 0;
		};
/* End PBXFrameworksBuildPhase section */

/* Begin PBXGroup section */
		009400E06B521AC0B06EFB8D /* Pods */ = {
			isa = PBXGroup;
			children = (
				AF51F249BE1BDE4FC9FE0D83 /* Pods-OTP_Generator.debug.xcconfig */,
				9EF2A2AF2D6874F09A6ABE9A /* Pods-OTP_Generator.release.xcconfig */,
			);
			path = Pods;
			sourceTree = "<group>";
		};
		3D32E137B0FC974EDBE69AE8 /* Frameworks */ = {
			isa = PBXGroup;
			children = (
				7FB1DBBB03EDC15C41E6FB89 /* Pods_OTP_Generator.framework */,
			);
			name = Frameworks;
			sourceTree = "<group>";
		};
		636397FE25587A48005D7068 /* Models */ = {
			isa = PBXGroup;
			children = (
				6363980825588FEF005D7068 /* Customer.swift */,
				6363980B25589343005D7068 /* BaseResponse.swift */,
			);
			path = Models;
			sourceTree = "<group>";
		};
		636397FF25587A57005D7068 /* Services */ = {
			isa = PBXGroup;
			children = (
				6363980525588B5D005D7068 /* RegistrationService.swift */,
			);
			path = Services;
			sourceTree = "<group>";
		};
		6363980025587A8E005D7068 /* Views */ = {
			isa = PBXGroup;
			children = (
				63D10F3F2555EA5A005BBF99 /* ViewController.swift */,
				63D10F412555EA5A005BBF99 /* Main.storyboard */,
			);
			path = Views;
			sourceTree = "<group>";
		};
		6363980325587AB7005D7068 /* Util */ = {
			isa = PBXGroup;
			children = (
			);
			path = Util;
			sourceTree = "<group>";
		};
		63D10F2F2555EA59005BBF99 = {
			isa = PBXGroup;
			children = (
				63D10F3A2555EA5A005BBF99 /* OTP_Generator */,
				63D10F392555EA5A005BBF99 /* Products */,
				009400E06B521AC0B06EFB8D /* Pods */,
				3D32E137B0FC974EDBE69AE8 /* Frameworks */,
			);
			sourceTree = "<group>";
		};
		63D10F392555EA5A005BBF99 /* Products */ = {
			isa = PBXGroup;
			children = (
				63D10F382555EA5A005BBF99 /* OTP_Generator.app */,
			);
			name = Products;
			sourceTree = "<group>";
		};
		63D10F3A2555EA5A005BBF99 /* OTP_Generator */ = {
			isa = PBXGroup;
			children = (
				636397FF25587A57005D7068 /* Services */,
				636397FE25587A48005D7068 /* Models */,
				6363980325587AB7005D7068 /* Util */,
				6363980025587A8E005D7068 /* Views */,
				63D10F3B2555EA5A005BBF99 /* AppDelegate.swift */,
				63D10F3D2555EA5A005BBF99 /* SceneDelegate.swift */,
				63D10F442555EA5F005BBF99 /* Assets.xcassets */,
				63D10F462555EA5F005BBF99 /* LaunchScreen.storyboard */,
				63D10F492555EA5F005BBF99 /* Info.plist */,
			);
			path = OTP_Generator;
			sourceTree = "<group>";
		};
/* End PBXGroup section */

/* Begin PBXNativeTarget section */
		63D10F372555EA5A005BBF99 /* OTP_Generator */ = {
			isa = PBXNativeTarget;
			buildConfigurationList = 63D10F4C2555EA5F005BBF99 /* Build configuration list for PBXNativeTarget "OTP_Generator" */;
			buildPhases = (
				888284831230A11B4D18E3C4 /* [CP] Check Pods Manifest.lock */,
				63D10F342555EA5A005BBF99 /* Sources */,
				63D10F352555EA5A005BBF99 /* Frameworks */,
				63D10F362555EA5A005BBF99 /* Resources */,
				AA9C319BA8FD51CAF457D3FB /* [CP] Embed Pods Frameworks */,
			);
			buildRules = (
			);
			dependencies = (
			);
			name = OTP_Generator;
			productName = OTP_Generator;
			productReference = 63D10F382555EA5A005BBF99 /* OTP_Generator.app */;
			productType = "com.apple.product-type.application";
		};
/* End PBXNativeTarget section */

/* Begin PBXProject section */
		63D10F302555EA59005BBF99 /* Project object */ = {
			isa = PBXProject;
			attributes = {
				LastSwiftUpdateCheck = 1210;
				LastUpgradeCheck = 1210;
				TargetAttributes = {
					63D10F372555EA5A005BBF99 = {
						CreatedOnToolsVersion = 12.1;
					};
				};
			};
			buildConfigurationList = 63D10F332555EA59005BBF99 /* Build configuration list for PBXProject "OTP_Generator" */;
			compatibilityVersion = "Xcode 9.3";
			developmentRegion = en;
			hasScannedForEncodings = 0;
			knownRegions = (
				en,
				Base,
			);
			mainGroup = 63D10F2F2555EA59005BBF99;
			productRefGroup = 63D10F392555EA5A005BBF99 /* Products */;
			projectDirPath = "";
			projectRoot = "";
			targets = (
				63D10F372555EA5A005BBF99 /* OTP_Generator */,
			);
		};
/* End PBXProject section */

/* Begin PBXResourcesBuildPhase section */
		63D10F362555EA5A005BBF99 /* Resources */ = {
			isa = PBXResourcesBuildPhase;
			buildActionMask = 2147483647;
			files = (
				63D10F482555EA5F005BBF99 /* LaunchScreen.storyboard in Resources */,
				63D10F452555EA5F005BBF99 /* Assets.xcassets in Resources */,
				63D10F432555EA5A005BBF99 /* Main.storyboard in Resources */,
			);
			runOnlyForDeploymentPostprocessing = 0;
		};
/* End PBXResourcesBuildPhase section */

/* Begin PBXShellScriptBuildPhase section */
		888284831230A11B4D18E3C4 /* [CP] Check Pods Manifest.lock */ = {
			isa = PBXShellScriptBuildPhase;
			buildActionMask = 2147483647;
			files = (
			);
			inputFileListPaths = (
			);
			inputPaths = (
				"${PODS_PODFILE_DIR_PATH}/Podfile.lock",
				"${PODS_ROOT}/Manifest.lock",
			);
			name = "[CP] Check Pods Manifest.lock";
			outputFileListPaths = (
			);
			outputPaths = (
				"$(DERIVED_FILE_DIR)/Pods-OTP_Generator-checkManifestLockResult.txt",
			);
			runOnlyForDeploymentPostprocessing = 0;
			shellPath = /bin/sh;
			shellScript = "diff \"${PODS_PODFILE_DIR_PATH}/Podfile.lock\" \"${PODS_ROOT}/Manifest.lock\" > /dev/null\nif [ $? != 0 ] ; then\n    # print error to STDERR\n    echo \"error: The sandbox is not in sync with the Podfile.lock. Run 'pod install' or update your CocoaPods installation.\" >&2\n    exit 1\nfi\n# This output is used by Xcode 'outputs' to avoid re-running this script phase.\necho \"SUCCESS\" > \"${SCRIPT_OUTPUT_FILE_0}\"\n";
			showEnvVarsInLog = 0;
		};
		AA9C319BA8FD51CAF457D3FB /* [CP] Embed Pods Frameworks */ = {
			isa = PBXShellScriptBuildPhase;
			buildActionMask = 2147483647;
			files = (
			);
			inputFileListPaths = (
				"${PODS_ROOT}/Target Support Files/Pods-OTP_Generator/Pods-OTP_Generator-frameworks-${CONFIGURATION}-input-files.xcfilelist",
			);
			name = "[CP] Embed Pods Frameworks";
			outputFileListPaths = (
				"${PODS_ROOT}/Target Support Files/Pods-OTP_Generator/Pods-OTP_Generator-frameworks-${CONFIGURATION}-output-files.xcfilelist",
			);
			runOnlyForDeploymentPostprocessing = 0;
			shellPath = /bin/sh;
			shellScript = "\"${PODS_ROOT}/Target Support Files/Pods-OTP_Generator/Pods-OTP_Generator-frameworks.sh\"\n";
			showEnvVarsInLog = 0;
		};
/* End PBXShellScriptBuildPhase section */

/* Begin PBXSourcesBuildPhase section */
		63D10F342555EA5A005BBF99 /* Sources */ = {
			isa = PBXSourcesBuildPhase;
			buildActionMask = 2147483647;
			files = (
				6363980625588B5D005D7068 /* RegistrationService.swift in Sources */,
				6363980925588FEF005D7068 /* Customer.swift in Sources */,
				63D10F402555EA5A005BBF99 /* ViewController.swift in Sources */,
				6363980C25589343005D7068 /* BaseResponse.swift in Sources */,
				63D10F3C2555EA5A005BBF99 /* AppDelegate.swift in Sources */,
				63D10F3E2555EA5A005BBF99 /* SceneDelegate.swift in Sources */,
			);
			runOnlyForDeploymentPostprocessing = 0;
		};
/* End PBXSourcesBuildPhase section */

/* Begin PBXVariantGroup section */
		63D10F412555EA5A005BBF99 /* Main.storyboard */ = {
			isa = PBXVariantGroup;
			children = (
				63D10F422555EA5A005BBF99 /* Base */,
			);
			name = Main.storyboard;
			sourceTree = "<group>";
		};
		63D10F462555EA5F005BBF99 /* LaunchScreen.storyboard */ = {
			isa = PBXVariantGroup;
			children = (
				63D10F472555EA5F005BBF99 /* Base */,
			);
			name = LaunchScreen.storyboard;
			sourceTree = "<group>";
		};
/* End PBXVariantGroup section */

/* Begin XCBuildConfiguration section */
		63D10F4A2555EA5F005BBF99 /* Debug */ = {
			isa = XCBuildConfiguration;
			buildSettings = {
				ALWAYS_SEARCH_USER_PATHS = NO;
				CLANG_ANALYZER_NONNULL = YES;
				CLANG_ANALYZER_NUMBER_OBJECT_CONVERSION = YES_AGGRESSIVE;
				CLANG_CXX_LANGUAGE_STANDARD = "gnu++14";
				CLANG_CXX_LIBRARY = "libc++";
				CLANG_ENABLE_MODULES = YES;
				CLANG_ENABLE_OBJC_ARC = YES;
				CLANG_ENABLE_OBJC_WEAK = YES;
				CLANG_WARN_BLOCK_CAPTURE_AUTORELEASING = YES;
				CLANG_WARN_BOOL_CONVERSION = YES;
				CLANG_WARN_COMMA = YES;
				CLANG_WARN_CONSTANT_CONVERSION = YES;
				CLANG_WARN_DEPRECATED_OBJC_IMPLEMENTATIONS = YES;
				CLANG_WARN_DIRECT_OBJC_ISA_USAGE = YES_ERROR;
				CLANG_WARN_DOCUMENTATION_COMMENTS = YES;
				CLANG_WARN_EMPTY_BODY = YES;
				CLANG_WARN_ENUM_CONVERSION = YES;
				CLANG_WARN_INFINITE_RECURSION = YES;
				CLANG_WARN_INT_CONVERSION = YES;
				CLANG_WARN_NON_LITERAL_NULL_CONVERSION = YES;
				CLANG_WARN_OBJC_IMPLICIT_RETAIN_SELF = YES;
				CLANG_WARN_OBJC_LITERAL_CONVERSION = YES;
				CLANG_WARN_OBJC_ROOT_CLASS = YES_ERROR;
				CLANG_WARN_QUOTED_INCLUDE_IN_FRAMEWORK_HEADER = YES;
				CLANG_WARN_RANGE_LOOP_ANALYSIS = YES;
				CLANG_WARN_STRICT_PROTOTYPES = YES;
				CLANG_WARN_SUSPICIOUS_MOVE = YES;
				CLANG_WARN_UNGUARDED_AVAILABILITY = YES_AGGRESSIVE;
				CLANG_WARN_UNREACHABLE_CODE = YES;
				CLANG_WARN__DUPLICATE_METHOD_MATCH = YES;
				COPY_PHASE_STRIP = NO;
				DEBUG_INFORMATION_FORMAT = dwarf;
				ENABLE_STRICT_OBJC_MSGSEND = YES;
				ENABLE_TESTABILITY = YES;
				GCC_C_LANGUAGE_STANDARD = gnu11;
				GCC_DYNAMIC_NO_PIC = NO;
				GCC_NO_COMMON_BLOCKS = YES;
				GCC_OPTIMIZATION_LEVEL = 0;
				GCC_PREPROCESSOR_DEFINITIONS = (
					"DEBUG=1",
					"$(inherited)",
				);
				GCC_WARN_64_TO_32_BIT_CONVERSION = YES;
				GCC_WARN_ABOUT_RETURN_TYPE = YES_ERROR;
				GCC_WARN_UNDECLARED_SELECTOR = YES;
				GCC_WARN_UNINITIALIZED_AUTOS = YES_AGGRESSIVE;
				GCC_WARN_UNUSED_FUNCTION = YES;
				GCC_WARN_UNUSED_VARIABLE = YES;
				IPHONEOS_DEPLOYMENT_TARGET = 14.1;
				MTL_ENABLE_DEBUG_INFO = INCLUDE_SOURCE;
				MTL_FAST_MATH = YES;
				ONLY_ACTIVE_ARCH = YES;
				SDKROOT = iphoneos;
				SWIFT_ACTIVE_COMPILATION_CONDITIONS = DEBUG;
				SWIFT_OPTIMIZATION_LEVEL = "-Onone";
			};
			name = Debug;
		};
		63D10F4B2555EA5F005BBF99 /* Release */ = {
			isa = XCBuildConfiguration;
			buildSettings = {
				ALWAYS_SEARCH_USER_PATHS = NO;
				CLANG_ANALYZER_NONNULL = YES;
				CLANG_ANALYZER_NUMBER_OBJECT_CONVERSION = YES_AGGRESSIVE;
				CLANG_CXX_LANGUAGE_STANDARD = "gnu++14";
				CLANG_CXX_LIBRARY = "libc++";
				CLANG_ENABLE_MODULES = YES;
				CLANG_ENABLE_OBJC_ARC = YES;
				CLANG_ENABLE_OBJC_WEAK = YES;
				CLANG_WARN_BLOCK_CAPTURE_AUTORELEASING = YES;
				CLANG_WARN_BOOL_CONVERSION = YES;
				CLANG_WARN_COMMA = YES;
				CLANG_WARN_CONSTANT_CONVERSION = YES;
				CLANG_WARN_DEPRECATED_OBJC_IMPLEMENTATIONS = YES;
				CLANG_WARN_DIRECT_OBJC_ISA_USAGE = YES_ERROR;
				CLANG_WARN_DOCUMENTATION_COMMENTS = YES;
				CLANG_WARN_EMPTY_BODY = YES;
				CLANG_WARN_ENUM_CONVERSION = YES;
				CLANG_WARN_INFINITE_RECURSION = YES;
				CLANG_WARN_INT_CONVERSION = YES;
				CLANG_WARN_NON_LITERAL_NULL_CONVERSION = YES;
				CLANG_WARN_OBJC_IMPLICIT_RETAIN_SELF = YES;
				CLANG_WARN_OBJC_LITERAL_CONVERSION = YES;
				CLANG_WARN_OBJC_ROOT_CLASS = YES_ERROR;
				CLANG_WARN_QUOTED_INCLUDE_IN_FRAMEWORK_HEADER = YES;
				CLANG_WARN_RANGE_LOOP_ANALYSIS = YES;
				CLANG_WARN_STRICT_PROTOTYPES = YES;
				CLANG_WARN_SUSPICIOUS_MOVE = YES;
				CLANG_WARN_UNGUARDED_AVAILABILITY = YES_AGGRESSIVE;
				CLANG_WARN_UNREACHABLE_CODE = YES;
				CLANG_WARN__DUPLICATE_METHOD_MATCH = YES;
				COPY_PHASE_STRIP = NO;
				DEBUG_INFORMATION_FORMAT = "dwarf-with-dsym";
				ENABLE_NS_ASSERTIONS = NO;
				ENABLE_STRICT_OBJC_MSGSEND = YES;
				GCC_C_LANGUAGE_STANDARD = gnu11;
				GCC_NO_COMMON_BLOCKS = YES;
				GCC_WARN_64_TO_32_BIT_CONVERSION = YES;
				GCC_WARN_ABOUT_RETURN_TYPE = YES_ERROR;
				GCC_WARN_UNDECLARED_SELECTOR = YES;
				GCC_WARN_UNINITIALIZED_AUTOS = YES_AGGRESSIVE;
				GCC_WARN_UNUSED_FUNCTION = YES;
				GCC_WARN_UNUSED_VARIABLE = YES;
				IPHONEOS_DEPLOYMENT_TARGET = 14.1;
				MTL_ENABLE_DEBUG_INFO = NO;
				MTL_FAST_MATH = YES;
				SDKROOT = iphoneos;
				SWIFT_COMPILATION_MODE = wholemodule;
				SWIFT_OPTIMIZATION_LEVEL = "-O";
				VALIDATE_PRODUCT = YES;
			};
			name = Release;
		};
		63D10F4D2555EA5F005BBF99 /* Debug */ = {
			isa = XCBuildConfiguration;
			baseConfigurationReference = AF51F249BE1BDE4FC9FE0D83 /* Pods-OTP_Generator.debug.xcconfig */;
			buildSettings = {
				ASSETCATALOG_COMPILER_APPICON_NAME = AppIcon;
				ASSETCATALOG_COMPILER_GLOBAL_ACCENT_COLOR_NAME = AccentColor;
				CODE_SIGN_STYLE = Automatic;
				DEVELOPMENT_TEAM = 3K3JEFTNCN;
				INFOPLIST_FILE = OTP_Generator/Info.plist;
				LD_RUNPATH_SEARCH_PATHS = (
					"$(inherited)",
					"@executable_path/Frameworks",
				);
				PRODUCT_BUNDLE_IDENTIFIER = "awt.OTP-Generator";
				PRODUCT_NAME = "$(TARGET_NAME)";
				SWIFT_VERSION = 5.0;
				TARGETED_DEVICE_FAMILY = "1,2";
			};
			name = Debug;
		};
		63D10F4E2555EA5F005BBF99 /* Release */ = {
			isa = XCBuildConfiguration;
			baseConfigurationReference = 9EF2A2AF2D6874F09A6ABE9A /* Pods-OTP_Generator.release.xcconfig */;
			buildSettings = {
				ASSETCATALOG_COMPILER_APPICON_NAME = AppIcon;
				ASSETCATALOG_COMPILER_GLOBAL_ACCENT_COLOR_NAME = AccentColor;
				CODE_SIGN_STYLE = Automatic;
				DEVELOPMENT_TEAM = 3K3JEFTNCN;
				INFOPLIST_FILE = OTP_Generator/Info.plist;
				LD_RUNPATH_SEARCH_PATHS = (
					"$(inherited)",
					"@executable_path/Frameworks",
				);
				PRODUCT_BUNDLE_IDENTIFIER = "awt.OTP-Generator";
				PRODUCT_NAME = "$(TARGET_NAME)";
				SWIFT_VERSION = 5.0;
				TARGETED_DEVICE_FAMILY = "1,2";
			};
			name = Release;
		};
/* End XCBuildConfiguration section */

/* Begin XCConfigurationList section */
		63D10F332555EA59005BBF99 /* Build configuration list for PBXProject "OTP_Generator" */ = {
			isa = XCConfigurationList;
			buildConfigurations = (
				63D10F4A2555EA5F005BBF99 /* Debug */,
				63D10F4B2555EA5F005BBF99 /* Release */,
			);
			defaultConfigurationIsVisible = 0;
			defaultConfigurationName = Release;
		};
		63D10F4C2555EA5F005BBF99 /* Build configuration list for PBXNativeTarget "OTP_Generator" */ = {
			isa = XCConfigurationList;
			buildConfigurations = (
				63D10F4D2555EA5F005BBF99 /* Debug */,
				63D10F4E2555EA5F005BBF99 /* Release */,
			);
			defaultConfigurationIsVisible = 0;
			defaultConfigurationName = Release;
		};
/* End XCConfigurationList section */
	};
	rootObject = 63D10F302555EA59005BBF99 /* Project object */;
}
